
Microsoft Visual Studio Solution File, Format Version 12.00
# Visual Studio 15
VisualStudioVersion = 15.0.26430.16
MinimumVisualStudioVersion = 10.0.40219.1
Project("{FAE04EC0-301F-11D3-BF4B-00C04F79EFBC}") = "FacebookUtillity", "FacebookUtillity\FacebookUtillity.csproj", "{26D8C540-34DE-4137-8861-A77158B73A49}"
EndProject
Project("{FAE04EC0-301F-11D3-BF4B-00C04F79EFBC}") = "FacebookUtilityTest", "FacebookUtilityTest\FacebookUtilityTest.csproj", "{9F47835F-0263-4069-B2AD-03FC4B901B9A}"
EndProject
Project("{FAE04EC0-301F-11D3-BF4B-00C04F79EFBC}") = "FacebookOAuth", "FacebookOAuth\FacebookOAuth.csproj", "{E87543E4-731A-447E-AA0B-C27499B9A290}"
EndProject
Global
	GlobalSection(SolutionConfigurationPlatforms) = preSolution
		Debug|Any CPU = Debug|Any CPU
		Release|Any CPU = Release|Any CPU
	EndGlobalSection
	GlobalSection(ProjectConfigurationPlatforms) = postSolution
		{26D8C540-34DE-4137-8861-A77158B73A49}.Debug|Any CPU.ActiveCfg = Debug|Any CPU
		{26D8C540-34DE-4137-8861-A77158B73A49}.Debug|Any CPU.Build.0 = Debug|Any CPU
		{26D8C540-34DE-4137-8861-A77158B73A49}.Release|Any CPU.ActiveCfg = Release|Any CPU
		{26D8C540-34DE-4137-8861-A77158B73A49}.Release|Any CPU.Build.0 = Release|Any CPU
		{9F47835F-0263-4069-B2AD-03FC4B901B9A}.Debug|Any CPU.ActiveCfg = Debug|Any CPU
		{9F47835F-0263-4069-B2AD-03FC4B901B9A}.Debug|Any CPU.Build.0 = Debug|Any CPU
		{9F47835F-0263-4069-B2AD-03FC4B901B9A}.Release|Any CPU.ActiveCfg = Release|Any CPU
		{9F47835F-0263-4069-B2AD-03FC4B901B9A}.Release|Any CPU.Build.0 = Release|Any CPU
		{E87543E4-731A-447E-AA0B-C27499B9A290}.Debug|Any CPU.ActiveCfg = Debug|Any CPU
		{E87543E4-731A-447E-AA0B-C27499B9A290}.Debug|Any CPU.Build.0 = Debug|Any CPU
		{E87543E4-731A-447E-AA0B-C27499B9A290}.Release|Any CPU.ActiveCfg = Release|Any CPU
		{E87543E4-731A-447E-AA0B-C27499B9A290}.Release|Any CPU.Build.0 = Release|Any CPU
	EndGlobalSection
	GlobalSection(SolutionProperties) = preSolution
		HideSolutionNode = FALSE
	EndGlobalSection
EndGlobal
