
Microsoft Visual Studio Solution File, Format Version 12.00
# Visual Studio 15
VisualStudioVersion = 15.0.26730.3
MinimumVisualStudioVersion = 10.0.40219.1
Project("{FAE04EC0-301F-11D3-BF4B-00C04F79EFBC}") = "RedditCoreTest", "Test\RedditCoreTest\RedditCoreTest.csproj", "{AFD1103A-6060-427B-A530-D1FD3377524F}"
EndProject
Project("{FAE04EC0-301F-11D3-BF4B-00C04F79EFBC}") = "RedditCore", "Src\RedditCore\RedditCore.csproj", "{887D2B7C-34E2-4585-8DD7-FD622349712E}"
EndProject
Project("{9A19103F-16F7-4668-BE54-9A1E7A4F7556}") = "RedditAzureFunctions", "Src\RedditAzureFunctions\RedditAzureFunctions.csproj", "{034E74CE-0D1E-4FCD-BAC6-9C18B791F4AB}"
EndProject
Project("{00D1A9C2-B5F0-4AF3-8072-F6C62B433612}") = "RedditDatabase", "Src\RedditDatabase\RedditDatabase.sqlproj", "{9A7DD0D7-D825-42BA-8F2A-70CB90BBD321}"
EndProject
Global
	GlobalSection(SolutionConfigurationPlatforms) = preSolution
		Debug|Any CPU = Debug|Any CPU
		Release|Any CPU = Release|Any CPU
	EndGlobalSection
	GlobalSection(ProjectConfigurationPlatforms) = postSolution
		{AFD1103A-6060-427B-A530-D1FD3377524F}.Debug|Any CPU.ActiveCfg = Debug|Any CPU
		{AFD1103A-6060-427B-A530-D1FD3377524F}.Debug|Any CPU.Build.0 = Debug|Any CPU
		{AFD1103A-6060-427B-A530-D1FD3377524F}.Release|Any CPU.ActiveCfg = Release|Any CPU
		{AFD1103A-6060-427B-A530-D1FD3377524F}.Release|Any CPU.Build.0 = Release|Any CPU
		{887D2B7C-34E2-4585-8DD7-FD622349712E}.Debug|Any CPU.ActiveCfg = Debug|Any CPU
		{887D2B7C-34E2-4585-8DD7-FD622349712E}.Debug|Any CPU.Build.0 = Debug|Any CPU
		{887D2B7C-34E2-4585-8DD7-FD622349712E}.Release|Any CPU.ActiveCfg = Release|Any CPU
		{887D2B7C-34E2-4585-8DD7-FD622349712E}.Release|Any CPU.Build.0 = Release|Any CPU
		{034E74CE-0D1E-4FCD-BAC6-9C18B791F4AB}.Debug|Any CPU.ActiveCfg = Debug|Any CPU
		{034E74CE-0D1E-4FCD-BAC6-9C18B791F4AB}.Debug|Any CPU.Build.0 = Debug|Any CPU
		{034E74CE-0D1E-4FCD-BAC6-9C18B791F4AB}.Release|Any CPU.ActiveCfg = Release|Any CPU
		{034E74CE-0D1E-4FCD-BAC6-9C18B791F4AB}.Release|Any CPU.Build.0 = Release|Any CPU
		{9A7DD0D7-D825-42BA-8F2A-70CB90BBD321}.Debug|Any CPU.ActiveCfg = Debug|Any CPU
		{9A7DD0D7-D825-42BA-8F2A-70CB90BBD321}.Debug|Any CPU.Build.0 = Debug|Any CPU
		{9A7DD0D7-D825-42BA-8F2A-70CB90BBD321}.Debug|Any CPU.Deploy.0 = Debug|Any CPU
		{9A7DD0D7-D825-42BA-8F2A-70CB90BBD321}.Release|Any CPU.ActiveCfg = Release|Any CPU
		{9A7DD0D7-D825-42BA-8F2A-70CB90BBD321}.Release|Any CPU.Build.0 = Release|Any CPU
		{9A7DD0D7-D825-42BA-8F2A-70CB90BBD321}.Release|Any CPU.Deploy.0 = Release|Any CPU
	EndGlobalSection
	GlobalSection(SolutionProperties) = preSolution
		HideSolutionNode = FALSE
	EndGlobalSection
	GlobalSection(ExtensibilityGlobals) = postSolution
		SolutionGuid = {8637E0CA-BFAB-4906-8D2D-8C3E6A56434B}
	EndGlobalSection
EndGlobal
